
Microsoft Visual Studio Solution File, Format Version 12.00
# Visual Studio 15
VisualStudioVersion = 15.0.26730.12
MinimumVisualStudioVersion = 10.0.40219.1
Project("{FAE04EC0-301F-11D3-BF4B-00C04F79EFBC}") = "生成剩余订单", "生成剩余订单\生成剩余订单.csproj", "{C62F051E-4519-4DB6-A3A5-4F115F192F4D}"
EndProject
Project("{FAE04EC0-301F-11D3-BF4B-00C04F79EFBC}") = "公有类库", "公有类库\公有类库.csproj", "{701F6E2E-BA81-4D88-A206-0BD27150143E}"
EndProject
Global
	GlobalSection(SolutionConfigurationPlatforms) = preSolution
		Debug|Any CPU = Debug|Any CPU
		Release|Any CPU = Release|Any CPU
	EndGlobalSection
	GlobalSection(ProjectConfigurationPlatforms) = postSolution
		{C62F051E-4519-4DB6-A3A5-4F115F192F4D}.Debug|Any CPU.ActiveCfg = Debug|Any CPU
		{C62F051E-4519-4DB6-A3A5-4F115F192F4D}.Debug|Any CPU.Build.0 = Debug|Any CPU
		{C62F051E-4519-4DB6-A3A5-4F115F192F4D}.Release|Any CPU.ActiveCfg = Release|Any CPU
		{C62F051E-4519-4DB6-A3A5-4F115F192F4D}.Release|Any CPU.Build.0 = Release|Any CPU
		{701F6E2E-BA81-4D88-A206-0BD27150143E}.Debug|Any CPU.ActiveCfg = Debug|Any CPU
		{701F6E2E-BA81-4D88-A206-0BD27150143E}.Debug|Any CPU.Build.0 = Debug|Any CPU
		{701F6E2E-BA81-4D88-A206-0BD27150143E}.Release|Any CPU.ActiveCfg = Release|Any CPU
		{701F6E2E-BA81-4D88-A206-0BD27150143E}.Release|Any CPU.Build.0 = Release|Any CPU
	EndGlobalSection
	GlobalSection(SolutionProperties) = preSolution
		HideSolutionNode = FALSE
	EndGlobalSection
	GlobalSection(ExtensibilityGlobals) = postSolution
		SolutionGuid = {1743616A-6EA0-4E61-A280-048E6B1A95D8}
	EndGlobalSection
EndGlobal
